
Microsoft Visual Studio Solution File, Format Version 12.00
Project("{2150E333-8FDC-42A3-9474-1A3956D46DE8}") = "Solution Items", "Solution Items", "{7EC92DA3-BD09-4676-8E02-40C8B4D11B5C}"
	ProjectSection(SolutionItems) = preProject
		compose.yaml = compose.yaml
		init-databases.sh = init-databases.sh
	EndProjectSection
EndProject
Project("{2150E333-8FDC-42A3-9474-1A3956D46DE8}") = "Bookings", "Bookings", "{08B180FC-754F-405A-8C16-9CBC7B966D72}"
EndProject
Project("{FAE04EC0-301F-11D3-BF4B-00C04F79EFBC}") = "Bookings.API", "Bookings.API\Bookings.API.csproj", "{7AB8BCCF-C6D4-4717-9AED-CACCB51C42E8}"
EndProject
Project("{2150E333-8FDC-42A3-9474-1A3956D46DE8}") = "Reservations", "Reservations", "{03A22053-1A0C-44B4-83D1-FC57C5157744}"
EndProject
Project("{FAE04EC0-301F-11D3-BF4B-00C04F79EFBC}") = "Reservations.API", "Reservations.API\Reservations.API.csproj", "{8F97660A-64A1-4B1F-B3FC-8E0DDD0D9CF1}"
EndProject
Project("{2150E333-8FDC-42A3-9474-1A3956D46DE8}") = "Notifications", "Notifications", "{2541DE3A-C9CE-4AE5-8C29-37AF1F9B3791}"
EndProject
Project("{FAE04EC0-301F-11D3-BF4B-00C04F79EFBC}") = "Notifications.API", "Notifications.API\Notifications.API.csproj", "{4F835256-8EE5-496B-B91E-8294AF5F65DC}"
EndProject
Project("{2150E333-8FDC-42A3-9474-1A3956D46DE8}") = "Common", "Common", "{A50E237E-CED3-4EB1-B630-51D2F5B85BD8}"
EndProject
Project("{FAE04EC0-301F-11D3-BF4B-00C04F79EFBC}") = "Common", "Common\Common.csproj", "{C52BDB61-2FB8-4447-A1AD-866BDA1D9805}"
EndProject
Global
	GlobalSection(SolutionConfigurationPlatforms) = preSolution
		Debug|Any CPU = Debug|Any CPU
		Release|Any CPU = Release|Any CPU
	EndGlobalSection
	GlobalSection(ProjectConfigurationPlatforms) = postSolution
		{7AB8BCCF-C6D4-4717-9AED-CACCB51C42E8}.Debug|Any CPU.ActiveCfg = Debug|Any CPU
		{7AB8BCCF-C6D4-4717-9AED-CACCB51C42E8}.Debug|Any CPU.Build.0 = Debug|Any CPU
		{7AB8BCCF-C6D4-4717-9AED-CACCB51C42E8}.Release|Any CPU.ActiveCfg = Release|Any CPU
		{7AB8BCCF-C6D4-4717-9AED-CACCB51C42E8}.Release|Any CPU.Build.0 = Release|Any CPU
		{8F97660A-64A1-4B1F-B3FC-8E0DDD0D9CF1}.Debug|Any CPU.ActiveCfg = Debug|Any CPU
		{8F97660A-64A1-4B1F-B3FC-8E0DDD0D9CF1}.Debug|Any CPU.Build.0 = Debug|Any CPU
		{8F97660A-64A1-4B1F-B3FC-8E0DDD0D9CF1}.Release|Any CPU.ActiveCfg = Release|Any CPU
		{8F97660A-64A1-4B1F-B3FC-8E0DDD0D9CF1}.Release|Any CPU.Build.0 = Release|Any CPU
		{4F835256-8EE5-496B-B91E-8294AF5F65DC}.Debug|Any CPU.ActiveCfg = Debug|Any CPU
		{4F835256-8EE5-496B-B91E-8294AF5F65DC}.Debug|Any CPU.Build.0 = Debug|Any CPU
		{4F835256-8EE5-496B-B91E-8294AF5F65DC}.Release|Any CPU.ActiveCfg = Release|Any CPU
		{4F835256-8EE5-496B-B91E-8294AF5F65DC}.Release|Any CPU.Build.0 = Release|Any CPU
		{C52BDB61-2FB8-4447-A1AD-866BDA1D9805}.Debug|Any CPU.ActiveCfg = Debug|Any CPU
		{C52BDB61-2FB8-4447-A1AD-866BDA1D9805}.Debug|Any CPU.Build.0 = Debug|Any CPU
		{C52BDB61-2FB8-4447-A1AD-866BDA1D9805}.Release|Any CPU.ActiveCfg = Release|Any CPU
		{C52BDB61-2FB8-4447-A1AD-866BDA1D9805}.Release|Any CPU.Build.0 = Release|Any CPU
	EndGlobalSection
	GlobalSection(NestedProjects) = preSolution
		{7AB8BCCF-C6D4-4717-9AED-CACCB51C42E8} = {08B180FC-754F-405A-8C16-9CBC7B966D72}
		{8F97660A-64A1-4B1F-B3FC-8E0DDD0D9CF1} = {03A22053-1A0C-44B4-83D1-FC57C5157744}
		{4F835256-8EE5-496B-B91E-8294AF5F65DC} = {2541DE3A-C9CE-4AE5-8C29-37AF1F9B3791}
		{C52BDB61-2FB8-4447-A1AD-866BDA1D9805} = {A50E237E-CED3-4EB1-B630-51D2F5B85BD8}
	EndGlobalSection
EndGlobal
